// !$*UTF8*$!
{
	archiveVersion = 1;
	classes = {
	};
	objectVersion = 55;
	objects = {

/* Begin PBXBuildFile section */
		8E5D398C29ECAF9F00D90C94 /* CityFilteredTests.swift in Sources */ = {isa = PBXBuildFile; fileRef = 8E5D398B29ECAF9F00D90C94 /* CityFilteredTests.swift */; };
		8E8CB02A29EAF5F1005AD765 /* city_search_ios_calm_daysApp.swift in Sources */ = {isa = PBXBuildFile; fileRef = 8E8CB02929EAF5F1005AD765 /* city_search_ios_calm_daysApp.swift */; };
		8E8CB02C29EAF5F1005AD765 /* ContentView.swift in Sources */ = {isa = PBXBuildFile; fileRef = 8E8CB02B29EAF5F1005AD765 /* ContentView.swift */; };
		8E8CB02E29EAF5F3005AD765 /* Assets.xcassets in Resources */ = {isa = PBXBuildFile; fileRef = 8E8CB02D29EAF5F3005AD765 /* Assets.xcassets */; };
		8E8CB03129EAF5F3005AD765 /* Preview Assets.xcassets in Resources */ = {isa = PBXBuildFile; fileRef = 8E8CB03029EAF5F3005AD765 /* Preview Assets.xcassets */; };
		8E8CB03B29EAF5F4005AD765 /* city_search_ios_calm_daysTests.swift in Sources */ = {isa = PBXBuildFile; fileRef = 8E8CB03A29EAF5F4005AD765 /* city_search_ios_calm_daysTests.swift */; };
		8E8CB04529EAF5F4005AD765 /* city_search_ios_calm_daysUITests.swift in Sources */ = {isa = PBXBuildFile; fileRef = 8E8CB04429EAF5F4005AD765 /* city_search_ios_calm_daysUITests.swift */; };
		8E8CB04729EAF5F4005AD765 /* city_search_ios_calm_daysUITestsLaunchTests.swift in Sources */ = {isa = PBXBuildFile; fileRef = 8E8CB04629EAF5F4005AD765 /* city_search_ios_calm_daysUITestsLaunchTests.swift */; };
		8E8CB05429EAF690005AD765 /* City.swift in Sources */ = {isa = PBXBuildFile; fileRef = 8E8CB05329EAF690005AD765 /* City.swift */; };
		8E8CB05629EAF759005AD765 /* cities.json in Resources */ = {isa = PBXBuildFile; fileRef = 8E8CB05529EAF759005AD765 /* cities.json */; };
		8E8CB05829EAF776005AD765 /* CityRow.swift in Sources */ = {isa = PBXBuildFile; fileRef = 8E8CB05729EAF776005AD765 /* CityRow.swift */; };
		8E8CB05C29EAF7F1005AD765 /* CityListView.swift in Sources */ = {isa = PBXBuildFile; fileRef = 8E8CB05B29EAF7F1005AD765 /* CityListView.swift */; };
		8E8CB05E29EAF825005AD765 /* CityLoader.swift in Sources */ = {isa = PBXBuildFile; fileRef = 8E8CB05D29EAF825005AD765 /* CityLoader.swift */; };
		8E8CB06129EAF9E0005AD765 /* CityDetailedView.swift in Sources */ = {isa = PBXBuildFile; fileRef = 8E8CB06029EAF9E0005AD765 /* CityDetailedView.swift */; };
		8EB0060729EB08AA00378218 /* CityFilter.swift in Sources */ = {isa = PBXBuildFile; fileRef = 8EB0060629EB08AA00378218 /* CityFilter.swift */; };
		8EB0060D29EB1E7F00378218 /* Trie.swift in Sources */ = {isa = PBXBuildFile; fileRef = 8EB0060C29EB1E7F00378218 /* Trie.swift */; };
/* End PBXBuildFile section */

/* Begin PBXContainerItemProxy section */
		8E8CB03729EAF5F4005AD765 /* PBXContainerItemProxy */ = {
			isa = PBXContainerItemProxy;
			containerPortal = 8E8CB01E29EAF5F1005AD765 /* Project object */;
			proxyType = 1;
			remoteGlobalIDString = 8E8CB02529EAF5F1005AD765;
			remoteInfo = "city-search-ios-calm-days";
		};
		8E8CB04129EAF5F4005AD765 /* PBXContainerItemProxy */ = {
			isa = PBXContainerItemProxy;
			containerPortal = 8E8CB01E29EAF5F1005AD765 /* Project object */;
			proxyType = 1;
			remoteGlobalIDString = 8E8CB02529EAF5F1005AD765;
			remoteInfo = "city-search-ios-calm-days";
		};
/* End PBXContainerItemProxy section */

/* Begin PBXFileReference section */
		8E5D398B29ECAF9F00D90C94 /* CityFilteredTests.swift */ = {isa = PBXFileReference; lastKnownFileType = sourcecode.swift; path = CityFilteredTests.swift; sourceTree = "<group>"; };
		8E8CB02629EAF5F1005AD765 /* city-search-ios-calm-days.app */ = {isa = PBXFileReference; explicitFileType = wrapper.application; includeInIndex = 0; path = "city-search-ios-calm-days.app"; sourceTree = BUILT_PRODUCTS_DIR; };
		8E8CB02929EAF5F1005AD765 /* city_search_ios_calm_daysApp.swift */ = {isa = PBXFileReference; lastKnownFileType = sourcecode.swift; path = city_search_ios_calm_daysApp.swift; sourceTree = "<group>"; };
		8E8CB02B29EAF5F1005AD765 /* ContentView.swift */ = {isa = PBXFileReference; lastKnownFileType = sourcecode.swift; path = ContentView.swift; sourceTree = "<group>"; };
		8E8CB02D29EAF5F3005AD765 /* Assets.xcassets */ = {isa = PBXFileReference; lastKnownFileType = folder.assetcatalog; path = Assets.xcassets; sourceTree = "<group>"; };
		8E8CB03029EAF5F3005AD765 /* Preview Assets.xcassets */ = {isa = PBXFileReference; lastKnownFileType = folder.assetcatalog; path = "Preview Assets.xcassets"; sourceTree = "<group>"; };
		8E8CB03629EAF5F4005AD765 /* city-search-ios-calm-daysTests.xctest */ = {isa = PBXFileReference; explicitFileType = wrapper.cfbundle; includeInIndex = 0; path = "city-search-ios-calm-daysTests.xctest"; sourceTree = BUILT_PRODUCTS_DIR; };
		8E8CB03A29EAF5F4005AD765 /* city_search_ios_calm_daysTests.swift */ = {isa = PBXFileReference; lastKnownFileType = sourcecode.swift; path = city_search_ios_calm_daysTests.swift; sourceTree = "<group>"; };
		8E8CB04029EAF5F4005AD765 /* city-search-ios-calm-daysUITests.xctest */ = {isa = PBXFileReference; explicitFileType = wrapper.cfbundle; includeInIndex = 0; path = "city-search-ios-calm-daysUITests.xctest"; sourceTree = BUILT_PRODUCTS_DIR; };
		8E8CB04429EAF5F4005AD765 /* city_search_ios_calm_daysUITests.swift */ = {isa = PBXFileReference; lastKnownFileType = sourcecode.swift; path = city_search_ios_calm_daysUITests.swift; sourceTree = "<group>"; };
		8E8CB04629EAF5F4005AD765 /* city_search_ios_calm_daysUITestsLaunchTests.swift */ = {isa = PBXFileReference; lastKnownFileType = sourcecode.swift; path = city_search_ios_calm_daysUITestsLaunchTests.swift; sourceTree = "<group>"; };
		8E8CB05329EAF690005AD765 /* City.swift */ = {isa = PBXFileReference; lastKnownFileType = sourcecode.swift; path = City.swift; sourceTree = "<group>"; };
		8E8CB05529EAF759005AD765 /* cities.json */ = {isa = PBXFileReference; fileEncoding = 4; lastKnownFileType = text.json; path = cities.json; sourceTree = "<group>"; };
		8E8CB05729EAF776005AD765 /* CityRow.swift */ = {isa = PBXFileReference; lastKnownFileType = sourcecode.swift; path = CityRow.swift; sourceTree = "<group>"; };
		8E8CB05B29EAF7F1005AD765 /* CityListView.swift */ = {isa = PBXFileReference; lastKnownFileType = sourcecode.swift; path = CityListView.swift; sourceTree = "<group>"; };
		8E8CB05D29EAF825005AD765 /* CityLoader.swift */ = {isa = PBXFileReference; lastKnownFileType = sourcecode.swift; path = CityLoader.swift; sourceTree = "<group>"; };
		8E8CB06029EAF9E0005AD765 /* CityDetailedView.swift */ = {isa = PBXFileReference; lastKnownFileType = sourcecode.swift; path = CityDetailedView.swift; sourceTree = "<group>"; };
		8EB0060629EB08AA00378218 /* CityFilter.swift */ = {isa = PBXFileReference; lastKnownFileType = sourcecode.swift; path = CityFilter.swift; sourceTree = "<group>"; };
		8EB0060C29EB1E7F00378218 /* Trie.swift */ = {isa = PBXFileReference; lastKnownFileType = sourcecode.swift; path = Trie.swift; sourceTree = "<group>"; };
/* End PBXFileReference section */

/* Begin PBXFrameworksBuildPhase section */
		8E8CB02329EAF5F1005AD765 /* Frameworks */ = {
			isa = PBXFrameworksBuildPhase;
			buildActionMask = 2147483647;
			files = (
			);
			runOnlyForDeploymentPostprocessing = 0;
		};
		8E8CB03329EAF5F4005AD765 /* Frameworks */ = {
			isa = PBXFrameworksBuildPhase;
			buildActionMask = 2147483647;
			files = (
			);
			runOnlyForDeploymentPostprocessing = 0;
		};
		8E8CB03D29EAF5F4005AD765 /* Frameworks */ = {
			isa = PBXFrameworksBuildPhase;
			buildActionMask = 2147483647;
			files = (
			);
			runOnlyForDeploymentPostprocessing = 0;
		};
/* End PBXFrameworksBuildPhase section */

/* Begin PBXGroup section */
		8E8CB01D29EAF5F1005AD765 = {
			isa = PBXGroup;
			children = (
				8E8CB02829EAF5F1005AD765 /* city-search-ios-calm-days */,
				8E8CB03929EAF5F4005AD765 /* city-search-ios-calm-daysTests */,
				8E8CB04329EAF5F4005AD765 /* city-search-ios-calm-daysUITests */,
				8E8CB02729EAF5F1005AD765 /* Products */,
			);
			sourceTree = "<group>";
		};
		8E8CB02729EAF5F1005AD765 /* Products */ = {
			isa = PBXGroup;
			children = (
				8E8CB02629EAF5F1005AD765 /* city-search-ios-calm-days.app */,
				8E8CB03629EAF5F4005AD765 /* city-search-ios-calm-daysTests.xctest */,
				8E8CB04029EAF5F4005AD765 /* city-search-ios-calm-daysUITests.xctest */,
			);
			name = Products;
			sourceTree = "<group>";
		};
		8E8CB02829EAF5F1005AD765 /* city-search-ios-calm-days */ = {
			isa = PBXGroup;
			children = (
				8E8CB02929EAF5F1005AD765 /* city_search_ios_calm_daysApp.swift */,
				8E8CB02B29EAF5F1005AD765 /* ContentView.swift */,
				8EB0060829EB09C500378218 /* Models */,
				8EB0060929EB09CB00378218 /* Views */,
				8EB0060A29EB09D600378218 /* ViewModels */,
				8EB0060B29EB09E500378218 /* Resources */,
				8E8CB02D29EAF5F3005AD765 /* Assets.xcassets */,
				8E8CB02F29EAF5F3005AD765 /* Preview Content */,
			);
			path = "city-search-ios-calm-days";
			sourceTree = "<group>";
		};
		8E8CB02F29EAF5F3005AD765 /* Preview Content */ = {
			isa = PBXGroup;
			children = (
				8E8CB03029EAF5F3005AD765 /* Preview Assets.xcassets */,
			);
			path = "Preview Content";
			sourceTree = "<group>";
		};
		8E8CB03929EAF5F4005AD765 /* city-search-ios-calm-daysTests */ = {
			isa = PBXGroup;
			children = (
				8E8CB03A29EAF5F4005AD765 /* city_search_ios_calm_daysTests.swift */,
				8E5D398B29ECAF9F00D90C94 /* CityFilteredTests.swift */,
			);
			path = "city-search-ios-calm-daysTests";
			sourceTree = "<group>";
		};
		8E8CB04329EAF5F4005AD765 /* city-search-ios-calm-daysUITests */ = {
			isa = PBXGroup;
			children = (
				8E8CB04429EAF5F4005AD765 /* city_search_ios_calm_daysUITests.swift */,
				8E8CB04629EAF5F4005AD765 /* city_search_ios_calm_daysUITestsLaunchTests.swift */,
			);
			path = "city-search-ios-calm-daysUITests";
			sourceTree = "<group>";
		};
		8EB0060829EB09C500378218 /* Models */ = {
			isa = PBXGroup;
			children = (
				8E8CB05329EAF690005AD765 /* City.swift */,
				8EB0060C29EB1E7F00378218 /* Trie.swift */,
			);
			path = Models;
			sourceTree = "<group>";
		};
		8EB0060929EB09CB00378218 /* Views */ = {
			isa = PBXGroup;
			children = (
				8E8CB05729EAF776005AD765 /* CityRow.swift */,
				8E8CB05B29EAF7F1005AD765 /* CityListView.swift */,
				8E8CB06029EAF9E0005AD765 /* CityDetailedView.swift */,
			);
			path = Views;
			sourceTree = "<group>";
		};
		8EB0060A29EB09D600378218 /* ViewModels */ = {
			isa = PBXGroup;
			children = (
				8EB0060629EB08AA00378218 /* CityFilter.swift */,
				8E8CB05D29EAF825005AD765 /* CityLoader.swift */,
			);
			path = ViewModels;
			sourceTree = "<group>";
		};
		8EB0060B29EB09E500378218 /* Resources */ = {
			isa = PBXGroup;
			children = (
				8E8CB05529EAF759005AD765 /* cities.json */,
			);
			path = Resources;
			sourceTree = "<group>";
		};
/* End PBXGroup section */

/* Begin PBXNativeTarget section */
		8E8CB02529EAF5F1005AD765 /* city-search-ios-calm-days */ = {
			isa = PBXNativeTarget;
			buildConfigurationList = 8E8CB04A29EAF5F4005AD765 /* Build configuration list for PBXNativeTarget "city-search-ios-calm-days" */;
			buildPhases = (
				8E8CB02229EAF5F1005AD765 /* Sources */,
				8E8CB02329EAF5F1005AD765 /* Frameworks */,
				8E8CB02429EAF5F1005AD765 /* Resources */,
			);
			buildRules = (
			);
			dependencies = (
			);
			name = "city-search-ios-calm-days";
			productName = "city-search-ios-calm-days";
			productReference = 8E8CB02629EAF5F1005AD765 /* city-search-ios-calm-days.app */;
			productType = "com.apple.product-type.application";
		};
		8E8CB03529EAF5F4005AD765 /* city-search-ios-calm-daysTests */ = {
			isa = PBXNativeTarget;
			buildConfigurationList = 8E8CB04D29EAF5F4005AD765 /* Build configuration list for PBXNativeTarget "city-search-ios-calm-daysTests" */;
			buildPhases = (
				8E8CB03229EAF5F4005AD765 /* Sources */,
				8E8CB03329EAF5F4005AD765 /* Frameworks */,
				8E8CB03429EAF5F4005AD765 /* Resources */,
			);
			buildRules = (
			);
			dependencies = (
				8E8CB03829EAF5F4005AD765 /* PBXTargetDependency */,
			);
			name = "city-search-ios-calm-daysTests";
			productName = "city-search-ios-calm-daysTests";
			productReference = 8E8CB03629EAF5F4005AD765 /* city-search-ios-calm-daysTests.xctest */;
			productType = "com.apple.product-type.bundle.unit-test";
		};
		8E8CB03F29EAF5F4005AD765 /* city-search-ios-calm-daysUITests */ = {
			isa = PBXNativeTarget;
			buildConfigurationList = 8E8CB05029EAF5F4005AD765 /* Build configuration list for PBXNativeTarget "city-search-ios-calm-daysUITests" */;
			buildPhases = (
				8E8CB03C29EAF5F4005AD765 /* Sources */,
				8E8CB03D29EAF5F4005AD765 /* Frameworks */,
				8E8CB03E29EAF5F4005AD765 /* Resources */,
			);
			buildRules = (
			);
			dependencies = (
				8E8CB04229EAF5F4005AD765 /* PBXTargetDependency */,
			);
			name = "city-search-ios-calm-daysUITests";
			productName = "city-search-ios-calm-daysUITests";
			productReference = 8E8CB04029EAF5F4005AD765 /* city-search-ios-calm-daysUITests.xctest */;
			productType = "com.apple.product-type.bundle.ui-testing";
		};
/* End PBXNativeTarget section */

/* Begin PBXProject section */
		8E8CB01E29EAF5F1005AD765 /* Project object */ = {
			isa = PBXProject;
			attributes = {
				BuildIndependentTargetsInParallel = 1;
				LastSwiftUpdateCheck = 1340;
				LastUpgradeCheck = 1340;
				TargetAttributes = {
					8E8CB02529EAF5F1005AD765 = {
						CreatedOnToolsVersion = 13.4.1;
					};
					8E8CB03529EAF5F4005AD765 = {
						CreatedOnToolsVersion = 13.4.1;
						TestTargetID = 8E8CB02529EAF5F1005AD765;
					};
					8E8CB03F29EAF5F4005AD765 = {
						CreatedOnToolsVersion = 13.4.1;
						TestTargetID = 8E8CB02529EAF5F1005AD765;
					};
				};
			};
			buildConfigurationList = 8E8CB02129EAF5F1005AD765 /* Build configuration list for PBXProject "city-search-ios-calm-days" */;
			compatibilityVersion = "Xcode 13.0";
			developmentRegion = en;
			hasScannedForEncodings = 0;
			knownRegions = (
				en,
				Base,
			);
			mainGroup = 8E8CB01D29EAF5F1005AD765;
			productRefGroup = 8E8CB02729EAF5F1005AD765 /* Products */;
			projectDirPath = "";
			projectRoot = "";
			targets = (
				8E8CB02529EAF5F1005AD765 /* city-search-ios-calm-days */,
				8E8CB03529EAF5F4005AD765 /* city-search-ios-calm-daysTests */,
				8E8CB03F29EAF5F4005AD765 /* city-search-ios-calm-daysUITests */,
			);
		};
/* End PBXProject section */

/* Begin PBXResourcesBuildPhase section */
		8E8CB02429EAF5F1005AD765 /* Resources */ = {
			isa = PBXResourcesBuildPhase;
			buildActionMask = 2147483647;
			files = (
				8E8CB05629EAF759005AD765 /* cities.json in Resources */,
				8E8CB03129EAF5F3005AD765 /* Preview Assets.xcassets in Resources */,
				8E8CB02E29EAF5F3005AD765 /* Assets.xcassets in Resources */,
			);
			runOnlyForDeploymentPostprocessing = 0;
		};
		8E8CB03429EAF5F4005AD765 /* Resources */ = {
			isa = PBXResourcesBuildPhase;
			buildActionMask = 2147483647;
			files = (
			);
			runOnlyForDeploymentPostprocessing = 0;
		};
		8E8CB03E29EAF5F4005AD765 /* Resources */ = {
			isa = PBXResourcesBuildPhase;
			buildActionMask = 2147483647;
			files = (
			);
			runOnlyForDeploymentPostprocessing = 0;
		};
/* End PBXResourcesBuildPhase section */

/* Begin PBXSourcesBuildPhase section */
		8E8CB02229EAF5F1005AD765 /* Sources */ = {
			isa = PBXSourcesBuildPhase;
			buildActionMask = 2147483647;
			files = (
				8E8CB02C29EAF5F1005AD765 /* ContentView.swift in Sources */,
				8E8CB06129EAF9E0005AD765 /* CityDetailedView.swift in Sources */,
				8EB0060729EB08AA00378218 /* CityFilter.swift in Sources */,
				8EB0060D29EB1E7F00378218 /* Trie.swift in Sources */,
				8E8CB05C29EAF7F1005AD765 /* CityListView.swift in Sources */,
				8E8CB05829EAF776005AD765 /* CityRow.swift in Sources */,
				8E8CB05E29EAF825005AD765 /* CityLoader.swift in Sources */,
				8E8CB02A29EAF5F1005AD765 /* city_search_ios_calm_daysApp.swift in Sources */,
				8E8CB05429EAF690005AD765 /* City.swift in Sources */,
			);
			runOnlyForDeploymentPostprocessing = 0;
		};
		8E8CB03229EAF5F4005AD765 /* Sources */ = {
			isa = PBXSourcesBuildPhase;
			buildActionMask = 2147483647;
			files = (
				8E8CB03B29EAF5F4005AD765 /* city_search_ios_calm_daysTests.swift in Sources */,
				8E5D398C29ECAF9F00D90C94 /* CityFilteredTests.swift in Sources */,
			);
			runOnlyForDeploymentPostprocessing = 0;
		};
		8E8CB03C29EAF5F4005AD765 /* Sources */ = {
			isa = PBXSourcesBuildPhase;
			buildActionMask = 2147483647;
			files = (
				8E8CB04529EAF5F4005AD765 /* city_search_ios_calm_daysUITests.swift in Sources */,
				8E8CB04729EAF5F4005AD765 /* city_search_ios_calm_daysUITestsLaunchTests.swift in Sources */,
			);
			runOnlyForDeploymentPostprocessing = 0;
		};
/* End PBXSourcesBuildPhase section */

/* Begin PBXTargetDependency section */
		8E8CB03829EAF5F4005AD765 /* PBXTargetDependency */ = {
			isa = PBXTargetDependency;
			target = 8E8CB02529EAF5F1005AD765 /* city-search-ios-calm-days */;
			targetProxy = 8E8CB03729EAF5F4005AD765 /* PBXContainerItemProxy */;
		};
		8E8CB04229EAF5F4005AD765 /* PBXTargetDependency */ = {
			isa = PBXTargetDependency;
			target = 8E8CB02529EAF5F1005AD765 /* city-search-ios-calm-days */;
			targetProxy = 8E8CB04129EAF5F4005AD765 /* PBXContainerItemProxy */;
		};
/* End PBXTargetDependency section */

/* Begin XCBuildConfiguration section */
		8E8CB04829EAF5F4005AD765 /* Debug */ = {
			isa = XCBuildConfiguration;
			buildSettings = {
				ALWAYS_SEARCH_USER_PATHS = NO;
				CLANG_ANALYZER_NONNULL = YES;
				CLANG_ANALYZER_NUMBER_OBJECT_CONVERSION = YES_AGGRESSIVE;
				CLANG_CXX_LANGUAGE_STANDARD = "gnu++17";
				CLANG_ENABLE_MODULES = YES;
				CLANG_ENABLE_OBJC_ARC = YES;
				CLANG_ENABLE_OBJC_WEAK = YES;
				CLANG_WARN_BLOCK_CAPTURE_AUTORELEASING = YES;
				CLANG_WARN_BOOL_CONVERSION = YES;
				CLANG_WARN_COMMA = YES;
				CLANG_WARN_CONSTANT_CONVERSION = YES;
				CLANG_WARN_DEPRECATED_OBJC_IMPLEMENTATIONS = YES;
				CLANG_WARN_DIRECT_OBJC_ISA_USAGE = YES_ERROR;
				CLANG_WARN_DOCUMENTATION_COMMENTS = YES;
				CLANG_WARN_EMPTY_BODY = YES;
				CLANG_WARN_ENUM_CONVERSION = YES;
				CLANG_WARN_INFINITE_RECURSION = YES;
				CLANG_WARN_INT_CONVERSION = YES;
				CLANG_WARN_NON_LITERAL_NULL_CONVERSION = YES;
				CLANG_WARN_OBJC_IMPLICIT_RETAIN_SELF = YES;
				CLANG_WARN_OBJC_LITERAL_CONVERSION = YES;
				CLANG_WARN_OBJC_ROOT_CLASS = YES_ERROR;
				CLANG_WARN_QUOTED_INCLUDE_IN_FRAMEWORK_HEADER = YES;
				CLANG_WARN_RANGE_LOOP_ANALYSIS = YES;
				CLANG_WARN_STRICT_PROTOTYPES = YES;
				CLANG_WARN_SUSPICIOUS_MOVE = YES;
				CLANG_WARN_UNGUARDED_AVAILABILITY = YES_AGGRESSIVE;
				CLANG_WARN_UNREACHABLE_CODE = YES;
				CLANG_WARN__DUPLICATE_METHOD_MATCH = YES;
				COPY_PHASE_STRIP = NO;
				DEBUG_INFORMATION_FORMAT = dwarf;
				ENABLE_STRICT_OBJC_MSGSEND = YES;
				ENABLE_TESTABILITY = YES;
				GCC_C_LANGUAGE_STANDARD = gnu11;
				GCC_DYNAMIC_NO_PIC = NO;
				GCC_NO_COMMON_BLOCKS = YES;
				GCC_OPTIMIZATION_LEVEL = 0;
				GCC_PREPROCESSOR_DEFINITIONS = (
					"DEBUG=1",
					"$(inherited)",
				);
				GCC_WARN_64_TO_32_BIT_CONVERSION = YES;
				GCC_WARN_ABOUT_RETURN_TYPE = YES_ERROR;
				GCC_WARN_UNDECLARED_SELECTOR = YES;
				GCC_WARN_UNINITIALIZED_AUTOS = YES_AGGRESSIVE;
				GCC_WARN_UNUSED_FUNCTION = YES;
				GCC_WARN_UNUSED_VARIABLE = YES;
				IPHONEOS_DEPLOYMENT_TARGET = 15.5;
				MTL_ENABLE_DEBUG_INFO = INCLUDE_SOURCE;
				MTL_FAST_MATH = YES;
				ONLY_ACTIVE_ARCH = YES;
				SDKROOT = iphoneos;
				SWIFT_ACTIVE_COMPILATION_CONDITIONS = DEBUG;
				SWIFT_OPTIMIZATION_LEVEL = "-Onone";
			};
			name = Debug;
		};
		8E8CB04929EAF5F4005AD765 /* Release */ = {
			isa = XCBuildConfiguration;
			buildSettings = {
				ALWAYS_SEARCH_USER_PATHS = NO;
				CLANG_ANALYZER_NONNULL = YES;
				CLANG_ANALYZER_NUMBER_OBJECT_CONVERSION = YES_AGGRESSIVE;
				CLANG_CXX_LANGUAGE_STANDARD = "gnu++17";
				CLANG_ENABLE_MODULES = YES;
				CLANG_ENABLE_OBJC_ARC = YES;
				CLANG_ENABLE_OBJC_WEAK = YES;
				CLANG_WARN_BLOCK_CAPTURE_AUTORELEASING = YES;
				CLANG_WARN_BOOL_CONVERSION = YES;
				CLANG_WARN_COMMA = YES;
				CLANG_WARN_CONSTANT_CONVERSION = YES;
				CLANG_WARN_DEPRECATED_OBJC_IMPLEMENTATIONS = YES;
				CLANG_WARN_DIRECT_OBJC_ISA_USAGE = YES_ERROR;
				CLANG_WARN_DOCUMENTATION_COMMENTS = YES;
				CLANG_WARN_EMPTY_BODY = YES;
				CLANG_WARN_ENUM_CONVERSION = YES;
				CLANG_WARN_INFINITE_RECURSION = YES;
				CLANG_WARN_INT_CONVERSION = YES;
				CLANG_WARN_NON_LITERAL_NULL_CONVERSION = YES;
				CLANG_WARN_OBJC_IMPLICIT_RETAIN_SELF = YES;
				CLANG_WARN_OBJC_LITERAL_CONVERSION = YES;
				CLANG_WARN_OBJC_ROOT_CLASS = YES_ERROR;
				CLANG_WARN_QUOTED_INCLUDE_IN_FRAMEWORK_HEADER = YES;
				CLANG_WARN_RANGE_LOOP_ANALYSIS = YES;
				CLANG_WARN_STRICT_PROTOTYPES = YES;
				CLANG_WARN_SUSPICIOUS_MOVE = YES;
				CLANG_WARN_UNGUARDED_AVAILABILITY = YES_AGGRESSIVE;
				CLANG_WARN_UNREACHABLE_CODE = YES;
				CLANG_WARN__DUPLICATE_METHOD_MATCH = YES;
				COPY_PHASE_STRIP = NO;
				DEBUG_INFORMATION_FORMAT = "dwarf-with-dsym";
				ENABLE_NS_ASSERTIONS = NO;
				ENABLE_STRICT_OBJC_MSGSEND = YES;
				GCC_C_LANGUAGE_STANDARD = gnu11;
				GCC_NO_COMMON_BLOCKS = YES;
				GCC_WARN_64_TO_32_BIT_CONVERSION = YES;
				GCC_WARN_ABOUT_RETURN_TYPE = YES_ERROR;
				GCC_WARN_UNDECLARED_SELECTOR = YES;
				GCC_WARN_UNINITIALIZED_AUTOS = YES_AGGRESSIVE;
				GCC_WARN_UNUSED_FUNCTION = YES;
				GCC_WARN_UNUSED_VARIABLE = YES;
				IPHONEOS_DEPLOYMENT_TARGET = 15.5;
				MTL_ENABLE_DEBUG_INFO = NO;
				MTL_FAST_MATH = YES;
				SDKROOT = iphoneos;
				SWIFT_COMPILATION_MODE = wholemodule;
				SWIFT_OPTIMIZATION_LEVEL = "-O";
				VALIDATE_PRODUCT = YES;
			};
			name = Release;
		};
		8E8CB04B29EAF5F4005AD765 /* Debug */ = {
			isa = XCBuildConfiguration;
			buildSettings = {
				ASSETCATALOG_COMPILER_APPICON_NAME = AppIcon;
				ASSETCATALOG_COMPILER_GLOBAL_ACCENT_COLOR_NAME = AccentColor;
				CODE_SIGN_STYLE = Automatic;
				CURRENT_PROJECT_VERSION = 1;
				DEVELOPMENT_ASSET_PATHS = "\"city-search-ios-calm-days/Preview Content\"";
				DEVELOPMENT_TEAM = C493VDTW7S;
				ENABLE_PREVIEWS = YES;
				GENERATE_INFOPLIST_FILE = YES;
				INFOPLIST_KEY_UIApplicationSceneManifest_Generation = YES;
				INFOPLIST_KEY_UIApplicationSupportsIndirectInputEvents = YES;
				INFOPLIST_KEY_UILaunchScreen_Generation = YES;
				INFOPLIST_KEY_UISupportedInterfaceOrientations_iPad = "UIInterfaceOrientationPortrait UIInterfaceOrientationPortraitUpsideDown UIInterfaceOrientationLandscapeLeft UIInterfaceOrientationLandscapeRight";
				INFOPLIST_KEY_UISupportedInterfaceOrientations_iPhone = "UIInterfaceOrientationPortrait UIInterfaceOrientationLandscapeLeft UIInterfaceOrientationLandscapeRight";
				LD_RUNPATH_SEARCH_PATHS = (
					"$(inherited)",
					"@executable_path/Frameworks",
				);
				MARKETING_VERSION = 1.0;
				PRODUCT_BUNDLE_IDENTIFIER = "calmdays.city-search-ios-calm-days";
				PRODUCT_NAME = "$(TARGET_NAME)";
				SWIFT_EMIT_LOC_STRINGS = YES;
				SWIFT_VERSION = 5.0;
				TARGETED_DEVICE_FAMILY = "1,2";
			};
			name = Debug;
		};
		8E8CB04C29EAF5F4005AD765 /* Release */ = {
			isa = XCBuildConfiguration;
			buildSettings = {
				ASSETCATALOG_COMPILER_APPICON_NAME = AppIcon;
				ASSETCATALOG_COMPILER_GLOBAL_ACCENT_COLOR_NAME = AccentColor;
				CODE_SIGN_STYLE = Automatic;
				CURRENT_PROJECT_VERSION = 1;
				DEVELOPMENT_ASSET_PATHS = "\"city-search-ios-calm-days/Preview Content\"";
				DEVELOPMENT_TEAM = C493VDTW7S;
				ENABLE_PREVIEWS = YES;
				GENERATE_INFOPLIST_FILE = YES;
				INFOPLIST_KEY_UIApplicationSceneManifest_Generation = YES;
				INFOPLIST_KEY_UIApplicationSupportsIndirectInputEvents = YES;
				INFOPLIST_KEY_UILaunchScreen_Generation = YES;
				INFOPLIST_KEY_UISupportedInterfaceOrientations_iPad = "UIInterfaceOrientationPortrait UIInterfaceOrientationPortraitUpsideDown UIInterfaceOrientationLandscapeLeft UIInterfaceOrientationLandscapeRight";
				INFOPLIST_KEY_UISupportedInterfaceOrientations_iPhone = "UIInterfaceOrientationPortrait UIInterfaceOrientationLandscapeLeft UIInterfaceOrientationLandscapeRight";
				LD_RUNPATH_SEARCH_PATHS = (
					"$(inherited)",
					"@executable_path/Frameworks",
				);
				MARKETING_VERSION = 1.0;
				PRODUCT_BUNDLE_IDENTIFIER = "calmdays.city-search-ios-calm-days";
				PRODUCT_NAME = "$(TARGET_NAME)";
				SWIFT_EMIT_LOC_STRINGS = YES;
				SWIFT_VERSION = 5.0;
				TARGETED_DEVICE_FAMILY = "1,2";
			};
			name = Release;
		};
		8E8CB04E29EAF5F4005AD765 /* Debug */ = {
			isa = XCBuildConfiguration;
			buildSettings = {
				ALWAYS_EMBED_SWIFT_STANDARD_LIBRARIES = YES;
				BUNDLE_LOADER = "$(TEST_HOST)";
				CODE_SIGN_STYLE = Automatic;
				CURRENT_PROJECT_VERSION = 1;
				DEVELOPMENT_TEAM = C493VDTW7S;
				GENERATE_INFOPLIST_FILE = YES;
				IPHONEOS_DEPLOYMENT_TARGET = 15.5;
				MARKETING_VERSION = 1.0;
				PRODUCT_BUNDLE_IDENTIFIER = "calmdays.city-search-ios-calm-daysTests";
				PRODUCT_NAME = "$(TARGET_NAME)";
				SWIFT_EMIT_LOC_STRINGS = NO;
				SWIFT_VERSION = 5.0;
				TARGETED_DEVICE_FAMILY = "1,2";
				TEST_HOST = "$(BUILT_PRODUCTS_DIR)/city-search-ios-calm-days.app/city-search-ios-calm-days";
			};
			name = Debug;
		};
		8E8CB04F29EAF5F4005AD765 /* Release */ = {
			isa = XCBuildConfiguration;
			buildSettings = {
				ALWAYS_EMBED_SWIFT_STANDARD_LIBRARIES = YES;
				BUNDLE_LOADER = "$(TEST_HOST)";
				CODE_SIGN_STYLE = Automatic;
				CURRENT_PROJECT_VERSION = 1;
				DEVELOPMENT_TEAM = C493VDTW7S;
				GENERATE_INFOPLIST_FILE = YES;
				IPHONEOS_DEPLOYMENT_TARGET = 15.5;
				MARKETING_VERSION = 1.0;
				PRODUCT_BUNDLE_IDENTIFIER = "calmdays.city-search-ios-calm-daysTests";
				PRODUCT_NAME = "$(TARGET_NAME)";
				SWIFT_EMIT_LOC_STRINGS = NO;
				SWIFT_VERSION = 5.0;
				TARGETED_DEVICE_FAMILY = "1,2";
				TEST_HOST = "$(BUILT_PRODUCTS_DIR)/city-search-ios-calm-days.app/city-search-ios-calm-days";
			};
			name = Release;
		};
		8E8CB05129EAF5F4005AD765 /* Debug */ = {
			isa = XCBuildConfiguration;
			buildSettings = {
				ALWAYS_EMBED_SWIFT_STANDARD_LIBRARIES = YES;
				CODE_SIGN_STYLE = Automatic;
				CURRENT_PROJECT_VERSION = 1;
				DEVELOPMENT_TEAM = C493VDTW7S;
				GENERATE_INFOPLIST_FILE = YES;
				MARKETING_VERSION = 1.0;
				PRODUCT_BUNDLE_IDENTIFIER = "calmdays.city-search-ios-calm-daysUITests";
				PRODUCT_NAME = "$(TARGET_NAME)";
				SWIFT_EMIT_LOC_STRINGS = NO;
				SWIFT_VERSION = 5.0;
				TARGETED_DEVICE_FAMILY = "1,2";
				TEST_TARGET_NAME = "city-search-ios-calm-days";
			};
			name = Debug;
		};
		8E8CB05229EAF5F4005AD765 /* Release */ = {
			isa = XCBuildConfiguration;
			buildSettings = {
				ALWAYS_EMBED_SWIFT_STANDARD_LIBRARIES = YES;
				CODE_SIGN_STYLE = Automatic;
				CURRENT_PROJECT_VERSION = 1;
				DEVELOPMENT_TEAM = C493VDTW7S;
				GENERATE_INFOPLIST_FILE = YES;
				MARKETING_VERSION = 1.0;
				PRODUCT_BUNDLE_IDENTIFIER = "calmdays.city-search-ios-calm-daysUITests";
				PRODUCT_NAME = "$(TARGET_NAME)";
				SWIFT_EMIT_LOC_STRINGS = NO;
				SWIFT_VERSION = 5.0;
				TARGETED_DEVICE_FAMILY = "1,2";
				TEST_TARGET_NAME = "city-search-ios-calm-days";
			};
			name = Release;
		};
/* End XCBuildConfiguration section */

/* Begin XCConfigurationList section */
		8E8CB02129EAF5F1005AD765 /* Build configuration list for PBXProject "city-search-ios-calm-days" */ = {
			isa = XCConfigurationList;
			buildConfigurations = (
				8E8CB04829EAF5F4005AD765 /* Debug */,
				8E8CB04929EAF5F4005AD765 /* Release */,
			);
			defaultConfigurationIsVisible = 0;
			defaultConfigurationName = Release;
		};
		8E8CB04A29EAF5F4005AD765 /* Build configuration list for PBXNativeTarget "city-search-ios-calm-days" */ = {
			isa = XCConfigurationList;
			buildConfigurations = (
				8E8CB04B29EAF5F4005AD765 /* Debug */,
				8E8CB04C29EAF5F4005AD765 /* Release */,
			);
			defaultConfigurationIsVisible = 0;
			defaultConfigurationName = Release;
		};
		8E8CB04D29EAF5F4005AD765 /* Build configuration list for PBXNativeTarget "city-search-ios-calm-daysTests" */ = {
			isa = XCConfigurationList;
			buildConfigurations = (
				8E8CB04E29EAF5F4005AD765 /* Debug */,
				8E8CB04F29EAF5F4005AD765 /* Release */,
			);
			defaultConfigurationIsVisible = 0;
			defaultConfigurationName = Release;
		};
		8E8CB05029EAF5F4005AD765 /* Build configuration list for PBXNativeTarget "city-search-ios-calm-daysUITests" */ = {
			isa = XCConfigurationList;
			buildConfigurations = (
				8E8CB05129EAF5F4005AD765 /* Debug */,
				8E8CB05229EAF5F4005AD765 /* Release */,
			);
			defaultConfigurationIsVisible = 0;
			defaultConfigurationName = Release;
		};
/* End XCConfigurationList section */
	};
	rootObject = 8E8CB01E29EAF5F1005AD765 /* Project object */;
}
