// !$*UTF8*$!
{
	archiveVersion = 1;
	classes = {
	};
	objectVersion = 55;
	objects = {

/* Begin PBXBuildFile section */
		8E5D399A29ECB29500D90C94 /* AppDelegate.swift in Sources */ = {isa = PBXBuildFile; fileRef = 8E5D399929ECB29500D90C94 /* AppDelegate.swift */; };
		8E5D399C29ECB29500D90C94 /* SceneDelegate.swift in Sources */ = {isa = PBXBuildFile; fileRef = 8E5D399B29ECB29500D90C94 /* SceneDelegate.swift */; };
		8E5D399E29ECB29500D90C94 /* ViewController.swift in Sources */ = {isa = PBXBuildFile; fileRef = 8E5D399D29ECB29500D90C94 /* ViewController.swift */; };
		8E5D39A129ECB29500D90C94 /* Main.storyboard in Resources */ = {isa = PBXBuildFile; fileRef = 8E5D399F29ECB29500D90C94 /* Main.storyboard */; };
		8E5D39A329ECB29900D90C94 /* Assets.xcassets in Resources */ = {isa = PBXBuildFile; fileRef = 8E5D39A229ECB29900D90C94 /* Assets.xcassets */; };
		8E5D39A629ECB29900D90C94 /* LaunchScreen.storyboard in Resources */ = {isa = PBXBuildFile; fileRef = 8E5D39A429ECB29900D90C94 /* LaunchScreen.storyboard */; };
		8E5D39B129ECB29900D90C94 /* city_search_ios_calm_daysTests.swift in Sources */ = {isa = PBXBuildFile; fileRef = 8E5D39B029ECB29900D90C94 /* city_search_ios_calm_daysTests.swift */; };
		8E5D39BB29ECB29900D90C94 /* city_search_ios_calm_daysUITests.swift in Sources */ = {isa = PBXBuildFile; fileRef = 8E5D39BA29ECB29900D90C94 /* city_search_ios_calm_daysUITests.swift */; };
		8E5D39BD29ECB29900D90C94 /* city_search_ios_calm_daysUITestsLaunchTests.swift in Sources */ = {isa = PBXBuildFile; fileRef = 8E5D39BC29ECB29900D90C94 /* city_search_ios_calm_daysUITestsLaunchTests.swift */; };
		8E5D39CA29ECB3FA00D90C94 /* cities.json in Resources */ = {isa = PBXBuildFile; fileRef = 8E5D39C929ECB3FA00D90C94 /* cities.json */; };
		8E5D39CC29ECB88000D90C94 /* City.swift in Sources */ = {isa = PBXBuildFile; fileRef = 8E5D39CB29ECB88000D90C94 /* City.swift */; };
		8E5D39CE29ECBCE300D90C94 /* CitiesController.swift in Sources */ = {isa = PBXBuildFile; fileRef = 8E5D39CD29ECBCE200D90C94 /* CitiesController.swift */; };
/* End PBXBuildFile section */

/* Begin PBXContainerItemProxy section */
		8E5D39AD29ECB29900D90C94 /* PBXContainerItemProxy */ = {
			isa = PBXContainerItemProxy;
			containerPortal = 8E5D398E29ECB29500D90C94 /* Project object */;
			proxyType = 1;
			remoteGlobalIDString = 8E5D399529ECB29500D90C94;
			remoteInfo = "city-search-ios-calm-days";
		};
		8E5D39B729ECB29900D90C94 /* PBXContainerItemProxy */ = {
			isa = PBXContainerItemProxy;
			containerPortal = 8E5D398E29ECB29500D90C94 /* Project object */;
			proxyType = 1;
			remoteGlobalIDString = 8E5D399529ECB29500D90C94;
			remoteInfo = "city-search-ios-calm-days";
		};
/* End PBXContainerItemProxy section */

/* Begin PBXFileReference section */
		8E5D399629ECB29500D90C94 /* city-search-ios-calm-days.app */ = {isa = PBXFileReference; explicitFileType = wrapper.application; includeInIndex = 0; path = "city-search-ios-calm-days.app"; sourceTree = BUILT_PRODUCTS_DIR; };
		8E5D399929ECB29500D90C94 /* AppDelegate.swift */ = {isa = PBXFileReference; lastKnownFileType = sourcecode.swift; path = AppDelegate.swift; sourceTree = "<group>"; };
		8E5D399B29ECB29500D90C94 /* SceneDelegate.swift */ = {isa = PBXFileReference; lastKnownFileType = sourcecode.swift; path = SceneDelegate.swift; sourceTree = "<group>"; };
		8E5D399D29ECB29500D90C94 /* ViewController.swift */ = {isa = PBXFileReference; lastKnownFileType = sourcecode.swift; path = ViewController.swift; sourceTree = "<group>"; };
		8E5D39A029ECB29500D90C94 /* Base */ = {isa = PBXFileReference; lastKnownFileType = file.storyboard; name = Base; path = Base.lproj/Main.storyboard; sourceTree = "<group>"; };
		8E5D39A229ECB29900D90C94 /* Assets.xcassets */ = {isa = PBXFileReference; lastKnownFileType = folder.assetcatalog; path = Assets.xcassets; sourceTree = "<group>"; };
		8E5D39A529ECB29900D90C94 /* Base */ = {isa = PBXFileReference; lastKnownFileType = file.storyboard; name = Base; path = Base.lproj/LaunchScreen.storyboard; sourceTree = "<group>"; };
		8E5D39A729ECB29900D90C94 /* Info.plist */ = {isa = PBXFileReference; lastKnownFileType = text.plist.xml; path = Info.plist; sourceTree = "<group>"; };
		8E5D39AC29ECB29900D90C94 /* city-search-ios-calm-daysTests.xctest */ = {isa = PBXFileReference; explicitFileType = wrapper.cfbundle; includeInIndex = 0; path = "city-search-ios-calm-daysTests.xctest"; sourceTree = BUILT_PRODUCTS_DIR; };
		8E5D39B029ECB29900D90C94 /* city_search_ios_calm_daysTests.swift */ = {isa = PBXFileReference; lastKnownFileType = sourcecode.swift; path = city_search_ios_calm_daysTests.swift; sourceTree = "<group>"; };
		8E5D39B629ECB29900D90C94 /* city-search-ios-calm-daysUITests.xctest */ = {isa = PBXFileReference; explicitFileType = wrapper.cfbundle; includeInIndex = 0; path = "city-search-ios-calm-daysUITests.xctest"; sourceTree = BUILT_PRODUCTS_DIR; };
		8E5D39BA29ECB29900D90C94 /* city_search_ios_calm_daysUITests.swift */ = {isa = PBXFileReference; lastKnownFileType = sourcecode.swift; path = city_search_ios_calm_daysUITests.swift; sourceTree = "<group>"; };
		8E5D39BC29ECB29900D90C94 /* city_search_ios_calm_daysUITestsLaunchTests.swift */ = {isa = PBXFileReference; lastKnownFileType = sourcecode.swift; path = city_search_ios_calm_daysUITestsLaunchTests.swift; sourceTree = "<group>"; };
		8E5D39C929ECB3FA00D90C94 /* cities.json */ = {isa = PBXFileReference; fileEncoding = 4; lastKnownFileType = text.json; path = cities.json; sourceTree = "<group>"; };
		8E5D39CB29ECB88000D90C94 /* City.swift */ = {isa = PBXFileReference; lastKnownFileType = sourcecode.swift; path = City.swift; sourceTree = "<group>"; };
		8E5D39CD29ECBCE200D90C94 /* CitiesController.swift */ = {isa = PBXFileReference; lastKnownFileType = sourcecode.swift; path = CitiesController.swift; sourceTree = "<group>"; };
/* End PBXFileReference section */

/* Begin PBXFrameworksBuildPhase section */
		8E5D399329ECB29500D90C94 /* Frameworks */ = {
			isa = PBXFrameworksBuildPhase;
			buildActionMask = 2147483647;
			files = (
			);
			runOnlyForDeploymentPostprocessing = 0;
		};
		8E5D39A929ECB29900D90C94 /* Frameworks */ = {
			isa = PBXFrameworksBuildPhase;
			buildActionMask = 2147483647;
			files = (
			);
			runOnlyForDeploymentPostprocessing = 0;
		};
		8E5D39B329ECB29900D90C94 /* Frameworks */ = {
			isa = PBXFrameworksBuildPhase;
			buildActionMask = 2147483647;
			files = (
			);
			runOnlyForDeploymentPostprocessing = 0;
		};
/* End PBXFrameworksBuildPhase section */

/* Begin PBXGroup section */
		8E5D398D29ECB29500D90C94 = {
			isa = PBXGroup;
			children = (
				8E5D399829ECB29500D90C94 /* city-search-ios-calm-days */,
				8E5D39AF29ECB29900D90C94 /* city-search-ios-calm-daysTests */,
				8E5D39B929ECB29900D90C94 /* city-search-ios-calm-daysUITests */,
				8E5D399729ECB29500D90C94 /* Products */,
			);
			sourceTree = "<group>";
		};
		8E5D399729ECB29500D90C94 /* Products */ = {
			isa = PBXGroup;
			children = (
				8E5D399629ECB29500D90C94 /* city-search-ios-calm-days.app */,
				8E5D39AC29ECB29900D90C94 /* city-search-ios-calm-daysTests.xctest */,
				8E5D39B629ECB29900D90C94 /* city-search-ios-calm-daysUITests.xctest */,
			);
			name = Products;
			sourceTree = "<group>";
		};
		8E5D399829ECB29500D90C94 /* city-search-ios-calm-days */ = {
			isa = PBXGroup;
			children = (
				8E5D399929ECB29500D90C94 /* AppDelegate.swift */,
				8E5D399B29ECB29500D90C94 /* SceneDelegate.swift */,
				8E5D399D29ECB29500D90C94 /* ViewController.swift */,
				8E5D39CD29ECBCE200D90C94 /* CitiesController.swift */,
				8E5D39CB29ECB88000D90C94 /* City.swift */,
				8E5D39CF29ECBE9800D90C94 /* Storyboards */,
				8E5D39A229ECB29900D90C94 /* Assets.xcassets */,
				8E5D39A729ECB29900D90C94 /* Info.plist */,
				8E5D39D029ECBEA700D90C94 /* Resources */,
			);
			path = "city-search-ios-calm-days";
			sourceTree = "<group>";
		};
		8E5D39AF29ECB29900D90C94 /* city-search-ios-calm-daysTests */ = {
			isa = PBXGroup;
			children = (
				8E5D39B029ECB29900D90C94 /* city_search_ios_calm_daysTests.swift */,
			);
			path = "city-search-ios-calm-daysTests";
			sourceTree = "<group>";
		};
		8E5D39B929ECB29900D90C94 /* city-search-ios-calm-daysUITests */ = {
			isa = PBXGroup;
			children = (
				8E5D39BA29ECB29900D90C94 /* city_search_ios_calm_daysUITests.swift */,
				8E5D39BC29ECB29900D90C94 /* city_search_ios_calm_daysUITestsLaunchTests.swift */,
			);
			path = "city-search-ios-calm-daysUITests";
			sourceTree = "<group>";
		};
		8E5D39CF29ECBE9800D90C94 /* Storyboards */ = {
			isa = PBXGroup;
			children = (
				8E5D399F29ECB29500D90C94 /* Main.storyboard */,
				8E5D39A429ECB29900D90C94 /* LaunchScreen.storyboard */,
			);
			path = Storyboards;
			sourceTree = "<group>";
		};
		8E5D39D029ECBEA700D90C94 /* Resources */ = {
			isa = PBXGroup;
			children = (
				8E5D39C929ECB3FA00D90C94 /* cities.json */,
			);
			path = Resources;
			sourceTree = "<group>";
		};
/* End PBXGroup section */

/* Begin PBXNativeTarget section */
		8E5D399529ECB29500D90C94 /* city-search-ios-calm-days */ = {
			isa = PBXNativeTarget;
			buildConfigurationList = 8E5D39C029ECB29900D90C94 /* Build configuration list for PBXNativeTarget "city-search-ios-calm-days" */;
			buildPhases = (
				8E5D399229ECB29500D90C94 /* Sources */,
				8E5D399329ECB29500D90C94 /* Frameworks */,
				8E5D399429ECB29500D90C94 /* Resources */,
			);
			buildRules = (
			);
			dependencies = (
			);
			name = "city-search-ios-calm-days";
			productName = "city-search-ios-calm-days";
			productReference = 8E5D399629ECB29500D90C94 /* city-search-ios-calm-days.app */;
			productType = "com.apple.product-type.application";
		};
		8E5D39AB29ECB29900D90C94 /* city-search-ios-calm-daysTests */ = {
			isa = PBXNativeTarget;
			buildConfigurationList = 8E5D39C329ECB29900D90C94 /* Build configuration list for PBXNativeTarget "city-search-ios-calm-daysTests" */;
			buildPhases = (
				8E5D39A829ECB29900D90C94 /* Sources */,
				8E5D39A929ECB29900D90C94 /* Frameworks */,
				8E5D39AA29ECB29900D90C94 /* Resources */,
			);
			buildRules = (
			);
			dependencies = (
				8E5D39AE29ECB29900D90C94 /* PBXTargetDependency */,
			);
			name = "city-search-ios-calm-daysTests";
			productName = "city-search-ios-calm-daysTests";
			productReference = 8E5D39AC29ECB29900D90C94 /* city-search-ios-calm-daysTests.xctest */;
			productType = "com.apple.product-type.bundle.unit-test";
		};
		8E5D39B529ECB29900D90C94 /* city-search-ios-calm-daysUITests */ = {
			isa = PBXNativeTarget;
			buildConfigurationList = 8E5D39C629ECB29900D90C94 /* Build configuration list for PBXNativeTarget "city-search-ios-calm-daysUITests" */;
			buildPhases = (
				8E5D39B229ECB29900D90C94 /* Sources */,
				8E5D39B329ECB29900D90C94 /* Frameworks */,
				8E5D39B429ECB29900D90C94 /* Resources */,
			);
			buildRules = (
			);
			dependencies = (
				8E5D39B829ECB29900D90C94 /* PBXTargetDependency */,
			);
			name = "city-search-ios-calm-daysUITests";
			productName = "city-search-ios-calm-daysUITests";
			productReference = 8E5D39B629ECB29900D90C94 /* city-search-ios-calm-daysUITests.xctest */;
			productType = "com.apple.product-type.bundle.ui-testing";
		};
/* End PBXNativeTarget section */

/* Begin PBXProject section */
		8E5D398E29ECB29500D90C94 /* Project object */ = {
			isa = PBXProject;
			attributes = {
				BuildIndependentTargetsInParallel = 1;
				LastSwiftUpdateCheck = 1340;
				LastUpgradeCheck = 1340;
				TargetAttributes = {
					8E5D399529ECB29500D90C94 = {
						CreatedOnToolsVersion = 13.4.1;
					};
					8E5D39AB29ECB29900D90C94 = {
						CreatedOnToolsVersion = 13.4.1;
						TestTargetID = 8E5D399529ECB29500D90C94;
					};
					8E5D39B529ECB29900D90C94 = {
						CreatedOnToolsVersion = 13.4.1;
						TestTargetID = 8E5D399529ECB29500D90C94;
					};
				};
			};
			buildConfigurationList = 8E5D399129ECB29500D90C94 /* Build configuration list for PBXProject "city-search-ios-calm-days" */;
			compatibilityVersion = "Xcode 13.0";
			developmentRegion = en;
			hasScannedForEncodings = 0;
			knownRegions = (
				en,
				Base,
			);
			mainGroup = 8E5D398D29ECB29500D90C94;
			productRefGroup = 8E5D399729ECB29500D90C94 /* Products */;
			projectDirPath = "";
			projectRoot = "";
			targets = (
				8E5D399529ECB29500D90C94 /* city-search-ios-calm-days */,
				8E5D39AB29ECB29900D90C94 /* city-search-ios-calm-daysTests */,
				8E5D39B529ECB29900D90C94 /* city-search-ios-calm-daysUITests */,
			);
		};
/* End PBXProject section */

/* Begin PBXResourcesBuildPhase section */
		8E5D399429ECB29500D90C94 /* Resources */ = {
			isa = PBXResourcesBuildPhase;
			buildActionMask = 2147483647;
			files = (
				8E5D39CA29ECB3FA00D90C94 /* cities.json in Resources */,
				8E5D39A629ECB29900D90C94 /* LaunchScreen.storyboard in Resources */,
				8E5D39A329ECB29900D90C94 /* Assets.xcassets in Resources */,
				8E5D39A129ECB29500D90C94 /* Main.storyboard in Resources */,
			);
			runOnlyForDeploymentPostprocessing = 0;
		};
		8E5D39AA29ECB29900D90C94 /* Resources */ = {
			isa = PBXResourcesBuildPhase;
			buildActionMask = 2147483647;
			files = (
			);
			runOnlyForDeploymentPostprocessing = 0;
		};
		8E5D39B429ECB29900D90C94 /* Resources */ = {
			isa = PBXResourcesBuildPhase;
			buildActionMask = 2147483647;
			files = (
			);
			runOnlyForDeploymentPostprocessing = 0;
		};
/* End PBXResourcesBuildPhase section */

/* Begin PBXSourcesBuildPhase section */
		8E5D399229ECB29500D90C94 /* Sources */ = {
			isa = PBXSourcesBuildPhase;
			buildActionMask = 2147483647;
			files = (
				8E5D399E29ECB29500D90C94 /* ViewController.swift in Sources */,
				8E5D399A29ECB29500D90C94 /* AppDelegate.swift in Sources */,
				8E5D39CC29ECB88000D90C94 /* City.swift in Sources */,
				8E5D39CE29ECBCE300D90C94 /* CitiesController.swift in Sources */,
				8E5D399C29ECB29500D90C94 /* SceneDelegate.swift in Sources */,
			);
			runOnlyForDeploymentPostprocessing = 0;
		};
		8E5D39A829ECB29900D90C94 /* Sources */ = {
			isa = PBXSourcesBuildPhase;
			buildActionMask = 2147483647;
			files = (
				8E5D39B129ECB29900D90C94 /* city_search_ios_calm_daysTests.swift in Sources */,
			);
			runOnlyForDeploymentPostprocessing = 0;
		};
		8E5D39B229ECB29900D90C94 /* Sources */ = {
			isa = PBXSourcesBuildPhase;
			buildActionMask = 2147483647;
			files = (
				8E5D39BB29ECB29900D90C94 /* city_search_ios_calm_daysUITests.swift in Sources */,
				8E5D39BD29ECB29900D90C94 /* city_search_ios_calm_daysUITestsLaunchTests.swift in Sources */,
			);
			runOnlyForDeploymentPostprocessing = 0;
		};
/* End PBXSourcesBuildPhase section */

/* Begin PBXTargetDependency section */
		8E5D39AE29ECB29900D90C94 /* PBXTargetDependency */ = {
			isa = PBXTargetDependency;
			target = 8E5D399529ECB29500D90C94 /* city-search-ios-calm-days */;
			targetProxy = 8E5D39AD29ECB29900D90C94 /* PBXContainerItemProxy */;
		};
		8E5D39B829ECB29900D90C94 /* PBXTargetDependency */ = {
			isa = PBXTargetDependency;
			target = 8E5D399529ECB29500D90C94 /* city-search-ios-calm-days */;
			targetProxy = 8E5D39B729ECB29900D90C94 /* PBXContainerItemProxy */;
		};
/* End PBXTargetDependency section */

/* Begin PBXVariantGroup section */
		8E5D399F29ECB29500D90C94 /* Main.storyboard */ = {
			isa = PBXVariantGroup;
			children = (
				8E5D39A029ECB29500D90C94 /* Base */,
			);
			name = Main.storyboard;
			sourceTree = "<group>";
		};
		8E5D39A429ECB29900D90C94 /* LaunchScreen.storyboard */ = {
			isa = PBXVariantGroup;
			children = (
				8E5D39A529ECB29900D90C94 /* Base */,
			);
			name = LaunchScreen.storyboard;
			sourceTree = "<group>";
		};
/* End PBXVariantGroup section */

/* Begin XCBuildConfiguration section */
		8E5D39BE29ECB29900D90C94 /* Debug */ = {
			isa = XCBuildConfiguration;
			buildSettings = {
				ALWAYS_SEARCH_USER_PATHS = NO;
				CLANG_ANALYZER_NONNULL = YES;
				CLANG_ANALYZER_NUMBER_OBJECT_CONVERSION = YES_AGGRESSIVE;
				CLANG_CXX_LANGUAGE_STANDARD = "gnu++17";
				CLANG_ENABLE_MODULES = YES;
				CLANG_ENABLE_OBJC_ARC = YES;
				CLANG_ENABLE_OBJC_WEAK = YES;
				CLANG_WARN_BLOCK_CAPTURE_AUTORELEASING = YES;
				CLANG_WARN_BOOL_CONVERSION = YES;
				CLANG_WARN_COMMA = YES;
				CLANG_WARN_CONSTANT_CONVERSION = YES;
				CLANG_WARN_DEPRECATED_OBJC_IMPLEMENTATIONS = YES;
				CLANG_WARN_DIRECT_OBJC_ISA_USAGE = YES_ERROR;
				CLANG_WARN_DOCUMENTATION_COMMENTS = YES;
				CLANG_WARN_EMPTY_BODY = YES;
				CLANG_WARN_ENUM_CONVERSION = YES;
				CLANG_WARN_INFINITE_RECURSION = YES;
				CLANG_WARN_INT_CONVERSION = YES;
				CLANG_WARN_NON_LITERAL_NULL_CONVERSION = YES;
				CLANG_WARN_OBJC_IMPLICIT_RETAIN_SELF = YES;
				CLANG_WARN_OBJC_LITERAL_CONVERSION = YES;
				CLANG_WARN_OBJC_ROOT_CLASS = YES_ERROR;
				CLANG_WARN_QUOTED_INCLUDE_IN_FRAMEWORK_HEADER = YES;
				CLANG_WARN_RANGE_LOOP_ANALYSIS = YES;
				CLANG_WARN_STRICT_PROTOTYPES = YES;
				CLANG_WARN_SUSPICIOUS_MOVE = YES;
				CLANG_WARN_UNGUARDED_AVAILABILITY = YES_AGGRESSIVE;
				CLANG_WARN_UNREACHABLE_CODE = YES;
				CLANG_WARN__DUPLICATE_METHOD_MATCH = YES;
				COPY_PHASE_STRIP = NO;
				DEBUG_INFORMATION_FORMAT = dwarf;
				ENABLE_STRICT_OBJC_MSGSEND = YES;
				ENABLE_TESTABILITY = YES;
				GCC_C_LANGUAGE_STANDARD = gnu11;
				GCC_DYNAMIC_NO_PIC = NO;
				GCC_NO_COMMON_BLOCKS = YES;
				GCC_OPTIMIZATION_LEVEL = 0;
				GCC_PREPROCESSOR_DEFINITIONS = (
					"DEBUG=1",
					"$(inherited)",
				);
				GCC_WARN_64_TO_32_BIT_CONVERSION = YES;
				GCC_WARN_ABOUT_RETURN_TYPE = YES_ERROR;
				GCC_WARN_UNDECLARED_SELECTOR = YES;
				GCC_WARN_UNINITIALIZED_AUTOS = YES_AGGRESSIVE;
				GCC_WARN_UNUSED_FUNCTION = YES;
				GCC_WARN_UNUSED_VARIABLE = YES;
				IPHONEOS_DEPLOYMENT_TARGET = 15.5;
				MTL_ENABLE_DEBUG_INFO = INCLUDE_SOURCE;
				MTL_FAST_MATH = YES;
				ONLY_ACTIVE_ARCH = YES;
				SDKROOT = iphoneos;
				SWIFT_ACTIVE_COMPILATION_CONDITIONS = DEBUG;
				SWIFT_OPTIMIZATION_LEVEL = "-Onone";
			};
			name = Debug;
		};
		8E5D39BF29ECB29900D90C94 /* Release */ = {
			isa = XCBuildConfiguration;
			buildSettings = {
				ALWAYS_SEARCH_USER_PATHS = NO;
				CLANG_ANALYZER_NONNULL = YES;
				CLANG_ANALYZER_NUMBER_OBJECT_CONVERSION = YES_AGGRESSIVE;
				CLANG_CXX_LANGUAGE_STANDARD = "gnu++17";
				CLANG_ENABLE_MODULES = YES;
				CLANG_ENABLE_OBJC_ARC = YES;
				CLANG_ENABLE_OBJC_WEAK = YES;
				CLANG_WARN_BLOCK_CAPTURE_AUTORELEASING = YES;
				CLANG_WARN_BOOL_CONVERSION = YES;
				CLANG_WARN_COMMA = YES;
				CLANG_WARN_CONSTANT_CONVERSION = YES;
				CLANG_WARN_DEPRECATED_OBJC_IMPLEMENTATIONS = YES;
				CLANG_WARN_DIRECT_OBJC_ISA_USAGE = YES_ERROR;
				CLANG_WARN_DOCUMENTATION_COMMENTS = YES;
				CLANG_WARN_EMPTY_BODY = YES;
				CLANG_WARN_ENUM_CONVERSION = YES;
				CLANG_WARN_INFINITE_RECURSION = YES;
				CLANG_WARN_INT_CONVERSION = YES;
				CLANG_WARN_NON_LITERAL_NULL_CONVERSION = YES;
				CLANG_WARN_OBJC_IMPLICIT_RETAIN_SELF = YES;
				CLANG_WARN_OBJC_LITERAL_CONVERSION = YES;
				CLANG_WARN_OBJC_ROOT_CLASS = YES_ERROR;
				CLANG_WARN_QUOTED_INCLUDE_IN_FRAMEWORK_HEADER = YES;
				CLANG_WARN_RANGE_LOOP_ANALYSIS = YES;
				CLANG_WARN_STRICT_PROTOTYPES = YES;
				CLANG_WARN_SUSPICIOUS_MOVE = YES;
				CLANG_WARN_UNGUARDED_AVAILABILITY = YES_AGGRESSIVE;
				CLANG_WARN_UNREACHABLE_CODE = YES;
				CLANG_WARN__DUPLICATE_METHOD_MATCH = YES;
				COPY_PHASE_STRIP = NO;
				DEBUG_INFORMATION_FORMAT = "dwarf-with-dsym";
				ENABLE_NS_ASSERTIONS = NO;
				ENABLE_STRICT_OBJC_MSGSEND = YES;
				GCC_C_LANGUAGE_STANDARD = gnu11;
				GCC_NO_COMMON_BLOCKS = YES;
				GCC_WARN_64_TO_32_BIT_CONVERSION = YES;
				GCC_WARN_ABOUT_RETURN_TYPE = YES_ERROR;
				GCC_WARN_UNDECLARED_SELECTOR = YES;
				GCC_WARN_UNINITIALIZED_AUTOS = YES_AGGRESSIVE;
				GCC_WARN_UNUSED_FUNCTION = YES;
				GCC_WARN_UNUSED_VARIABLE = YES;
				IPHONEOS_DEPLOYMENT_TARGET = 15.5;
				MTL_ENABLE_DEBUG_INFO = NO;
				MTL_FAST_MATH = YES;
				SDKROOT = iphoneos;
				SWIFT_COMPILATION_MODE = wholemodule;
				SWIFT_OPTIMIZATION_LEVEL = "-O";
				VALIDATE_PRODUCT = YES;
			};
			name = Release;
		};
		8E5D39C129ECB29900D90C94 /* Debug */ = {
			isa = XCBuildConfiguration;
			buildSettings = {
				ASSETCATALOG_COMPILER_APPICON_NAME = AppIcon;
				ASSETCATALOG_COMPILER_GLOBAL_ACCENT_COLOR_NAME = AccentColor;
				CODE_SIGN_STYLE = Automatic;
				CURRENT_PROJECT_VERSION = 1;
				DEVELOPMENT_TEAM = C493VDTW7S;
				GENERATE_INFOPLIST_FILE = YES;
				INFOPLIST_FILE = "city-search-ios-calm-days/Info.plist";
				INFOPLIST_KEY_UIApplicationSupportsIndirectInputEvents = YES;
				INFOPLIST_KEY_UILaunchStoryboardName = LaunchScreen;
				INFOPLIST_KEY_UIMainStoryboardFile = Main;
				INFOPLIST_KEY_UISupportedInterfaceOrientations_iPad = "UIInterfaceOrientationPortrait UIInterfaceOrientationPortraitUpsideDown UIInterfaceOrientationLandscapeLeft UIInterfaceOrientationLandscapeRight";
				INFOPLIST_KEY_UISupportedInterfaceOrientations_iPhone = "UIInterfaceOrientationPortrait UIInterfaceOrientationLandscapeLeft UIInterfaceOrientationLandscapeRight";
				LD_RUNPATH_SEARCH_PATHS = (
					"$(inherited)",
					"@executable_path/Frameworks",
				);
				MARKETING_VERSION = 1.0;
				PRODUCT_BUNDLE_IDENTIFIER = "calmdays.city-search-ios-calm-days";
				PRODUCT_NAME = "$(TARGET_NAME)";
				SWIFT_EMIT_LOC_STRINGS = YES;
				SWIFT_VERSION = 5.0;
				TARGETED_DEVICE_FAMILY = "1,2";
			};
			name = Debug;
		};
		8E5D39C229ECB29900D90C94 /* Release */ = {
			isa = XCBuildConfiguration;
			buildSettings = {
				ASSETCATALOG_COMPILER_APPICON_NAME = AppIcon;
				ASSETCATALOG_COMPILER_GLOBAL_ACCENT_COLOR_NAME = AccentColor;
				CODE_SIGN_STYLE = Automatic;
				CURRENT_PROJECT_VERSION = 1;
				DEVELOPMENT_TEAM = C493VDTW7S;
				GENERATE_INFOPLIST_FILE = YES;
				INFOPLIST_FILE = "city-search-ios-calm-days/Info.plist";
				INFOPLIST_KEY_UIApplicationSupportsIndirectInputEvents = YES;
				INFOPLIST_KEY_UILaunchStoryboardName = LaunchScreen;
				INFOPLIST_KEY_UIMainStoryboardFile = Main;
				INFOPLIST_KEY_UISupportedInterfaceOrientations_iPad = "UIInterfaceOrientationPortrait UIInterfaceOrientationPortraitUpsideDown UIInterfaceOrientationLandscapeLeft UIInterfaceOrientationLandscapeRight";
				INFOPLIST_KEY_UISupportedInterfaceOrientations_iPhone = "UIInterfaceOrientationPortrait UIInterfaceOrientationLandscapeLeft UIInterfaceOrientationLandscapeRight";
				LD_RUNPATH_SEARCH_PATHS = (
					"$(inherited)",
					"@executable_path/Frameworks",
				);
				MARKETING_VERSION = 1.0;
				PRODUCT_BUNDLE_IDENTIFIER = "calmdays.city-search-ios-calm-days";
				PRODUCT_NAME = "$(TARGET_NAME)";
				SWIFT_EMIT_LOC_STRINGS = YES;
				SWIFT_VERSION = 5.0;
				TARGETED_DEVICE_FAMILY = "1,2";
			};
			name = Release;
		};
		8E5D39C429ECB29900D90C94 /* Debug */ = {
			isa = XCBuildConfiguration;
			buildSettings = {
				ALWAYS_EMBED_SWIFT_STANDARD_LIBRARIES = YES;
				BUNDLE_LOADER = "$(TEST_HOST)";
				CODE_SIGN_STYLE = Automatic;
				CURRENT_PROJECT_VERSION = 1;
				DEVELOPMENT_TEAM = C493VDTW7S;
				GENERATE_INFOPLIST_FILE = YES;
				IPHONEOS_DEPLOYMENT_TARGET = 15.5;
				MARKETING_VERSION = 1.0;
				PRODUCT_BUNDLE_IDENTIFIER = "calmdays.city-search-ios-calm-daysTests";
				PRODUCT_NAME = "$(TARGET_NAME)";
				SWIFT_EMIT_LOC_STRINGS = NO;
				SWIFT_VERSION = 5.0;
				TARGETED_DEVICE_FAMILY = "1,2";
				TEST_HOST = "$(BUILT_PRODUCTS_DIR)/city-search-ios-calm-days.app/city-search-ios-calm-days";
			};
			name = Debug;
		};
		8E5D39C529ECB29900D90C94 /* Release */ = {
			isa = XCBuildConfiguration;
			buildSettings = {
				ALWAYS_EMBED_SWIFT_STANDARD_LIBRARIES = YES;
				BUNDLE_LOADER = "$(TEST_HOST)";
				CODE_SIGN_STYLE = Automatic;
				CURRENT_PROJECT_VERSION = 1;
				DEVELOPMENT_TEAM = C493VDTW7S;
				GENERATE_INFOPLIST_FILE = YES;
				IPHONEOS_DEPLOYMENT_TARGET = 15.5;
				MARKETING_VERSION = 1.0;
				PRODUCT_BUNDLE_IDENTIFIER = "calmdays.city-search-ios-calm-daysTests";
				PRODUCT_NAME = "$(TARGET_NAME)";
				SWIFT_EMIT_LOC_STRINGS = NO;
				SWIFT_VERSION = 5.0;
				TARGETED_DEVICE_FAMILY = "1,2";
				TEST_HOST = "$(BUILT_PRODUCTS_DIR)/city-search-ios-calm-days.app/city-search-ios-calm-days";
			};
			name = Release;
		};
		8E5D39C729ECB29900D90C94 /* Debug */ = {
			isa = XCBuildConfiguration;
			buildSettings = {
				ALWAYS_EMBED_SWIFT_STANDARD_LIBRARIES = YES;
				CODE_SIGN_STYLE = Automatic;
				CURRENT_PROJECT_VERSION = 1;
				DEVELOPMENT_TEAM = C493VDTW7S;
				GENERATE_INFOPLIST_FILE = YES;
				MARKETING_VERSION = 1.0;
				PRODUCT_BUNDLE_IDENTIFIER = "calmdays.city-search-ios-calm-daysUITests";
				PRODUCT_NAME = "$(TARGET_NAME)";
				SWIFT_EMIT_LOC_STRINGS = NO;
				SWIFT_VERSION = 5.0;
				TARGETED_DEVICE_FAMILY = "1,2";
				TEST_TARGET_NAME = "city-search-ios-calm-days";
			};
			name = Debug;
		};
		8E5D39C829ECB29900D90C94 /* Release */ = {
			isa = XCBuildConfiguration;
			buildSettings = {
				ALWAYS_EMBED_SWIFT_STANDARD_LIBRARIES = YES;
				CODE_SIGN_STYLE = Automatic;
				CURRENT_PROJECT_VERSION = 1;
				DEVELOPMENT_TEAM = C493VDTW7S;
				GENERATE_INFOPLIST_FILE = YES;
				MARKETING_VERSION = 1.0;
				PRODUCT_BUNDLE_IDENTIFIER = "calmdays.city-search-ios-calm-daysUITests";
				PRODUCT_NAME = "$(TARGET_NAME)";
				SWIFT_EMIT_LOC_STRINGS = NO;
				SWIFT_VERSION = 5.0;
				TARGETED_DEVICE_FAMILY = "1,2";
				TEST_TARGET_NAME = "city-search-ios-calm-days";
			};
			name = Release;
		};
/* End XCBuildConfiguration section */

/* Begin XCConfigurationList section */
		8E5D399129ECB29500D90C94 /* Build configuration list for PBXProject "city-search-ios-calm-days" */ = {
			isa = XCConfigurationList;
			buildConfigurations = (
				8E5D39BE29ECB29900D90C94 /* Debug */,
				8E5D39BF29ECB29900D90C94 /* Release */,
			);
			defaultConfigurationIsVisible = 0;
			defaultConfigurationName = Release;
		};
		8E5D39C029ECB29900D90C94 /* Build configuration list for PBXNativeTarget "city-search-ios-calm-days" */ = {
			isa = XCConfigurationList;
			buildConfigurations = (
				8E5D39C129ECB29900D90C94 /* Debug */,
				8E5D39C229ECB29900D90C94 /* Release */,
			);
			defaultConfigurationIsVisible = 0;
			defaultConfigurationName = Release;
		};
		8E5D39C329ECB29900D90C94 /* Build configuration list for PBXNativeTarget "city-search-ios-calm-daysTests" */ = {
			isa = XCConfigurationList;
			buildConfigurations = (
				8E5D39C429ECB29900D90C94 /* Debug */,
				8E5D39C529ECB29900D90C94 /* Release */,
			);
			defaultConfigurationIsVisible = 0;
			defaultConfigurationName = Release;
		};
		8E5D39C629ECB29900D90C94 /* Build configuration list for PBXNativeTarget "city-search-ios-calm-daysUITests" */ = {
			isa = XCConfigurationList;
			buildConfigurations = (
				8E5D39C729ECB29900D90C94 /* Debug */,
				8E5D39C829ECB29900D90C94 /* Release */,
			);
			defaultConfigurationIsVisible = 0;
			defaultConfigurationName = Release;
		};
/* End XCConfigurationList section */
	};
	rootObject = 8E5D398E29ECB29500D90C94 /* Project object */;
}
